// !$*UTF8*$!
{
	archiveVersion = 1;
	classes = {
	};
	objectVersion = 50;
	objects = {

/* Begin PBXBuildFile section */
		4A09F7AC26FBC7C5002AECE7 /* ProjectCardsView.swift in Sources */ = {isa = PBXBuildFile; fileRef = 4A09F7AB26FBC7C5002AECE7 /* ProjectCardsView.swift */; };
		4A1CBF3A2700BBC400929BC7 /* ProyectoAddView.swift in Sources */ = {isa = PBXBuildFile; fileRef = 4A1CBF392700BBC400929BC7 /* ProyectoAddView.swift */; };
		4A1CBF3C2700BDCE00929BC7 /* TypeProyecto.swift in Sources */ = {isa = PBXBuildFile; fileRef = 4A1CBF3B2700BDCE00929BC7 /* TypeProyecto.swift */; };
		4A1CBF3E2700ECE100929BC7 /* TypeImagen.swift in Sources */ = {isa = PBXBuildFile; fileRef = 4A1CBF3D2700ECE100929BC7 /* TypeImagen.swift */; };
		4A1CBF4027020E5300929BC7 /* ProyectoUpdateView.swift in Sources */ = {isa = PBXBuildFile; fileRef = 4A1CBF3F27020E5200929BC7 /* ProyectoUpdateView.swift */; };
		4A2EF5FF26F9211500D45CE7 /* JAMApp.swift in Sources */ = {isa = PBXBuildFile; fileRef = 4A2EF5FE26F9211500D45CE7 /* JAMApp.swift */; };
		4A2EF60126F9211500D45CE7 /* ContentView.swift in Sources */ = {isa = PBXBuildFile; fileRef = 4A2EF60026F9211500D45CE7 /* ContentView.swift */; };
		4A2EF60326F9211800D45CE7 /* Assets.xcassets in Resources */ = {isa = PBXBuildFile; fileRef = 4A2EF60226F9211800D45CE7 /* Assets.xcassets */; };
		4A2EF60626F9211800D45CE7 /* Preview Assets.xcassets in Resources */ = {isa = PBXBuildFile; fileRef = 4A2EF60526F9211800D45CE7 /* Preview Assets.xcassets */; };
		4A8F706326FCD22600E89FCA /* SettingsView.swift in Sources */ = {isa = PBXBuildFile; fileRef = 4A8F706226FCD22600E89FCA /* SettingsView.swift */; };
		4A8F706526FD048300E89FCA /* SortingOrderType.swift in Sources */ = {isa = PBXBuildFile; fileRef = 4A8F706426FD048300E89FCA /* SortingOrderType.swift */; };
		4A8F706726FD08F700E89FCA /* SettingFactory.swift in Sources */ = {isa = PBXBuildFile; fileRef = 4A8F706626FD08F700E89FCA /* SettingFactory.swift */; };
		4AA77A0226FFB043003D6FD6 /* ProjectAppModel.xcdatamodeld in Sources */ = {isa = PBXBuildFile; fileRef = 4AA77A0026FFB043003D6FD6 /* ProjectAppModel.xcdatamodeld */; };
		4AA77A0426FFC03A003D6FD6 /* CoreDataManager.swift in Sources */ = {isa = PBXBuildFile; fileRef = 4AA77A0326FFC03A003D6FD6 /* CoreDataManager.swift */; };
		4AA77A0726FFC899003D6FD6 /* ProyectoViewModel.swift in Sources */ = {isa = PBXBuildFile; fileRef = 4AA77A0626FFC899003D6FD6 /* ProyectoViewModel.swift */; };
		4AD36A1026FA1660001501FC /* DragState.swift in Sources */ = {isa = PBXBuildFile; fileRef = 4AD36A0F26FA1660001501FC /* DragState.swift */; };
		4AD36A1226FA1995001501FC /* ProjectDetailView.swift in Sources */ = {isa = PBXBuildFile; fileRef = 4AD36A1126FA1995001501FC /* ProjectDetailView.swift */; };
		4AD36A1426FA19DC001501FC /* HeaderView.swift in Sources */ = {isa = PBXBuildFile; fileRef = 4AD36A1326FA19DC001501FC /* HeaderView.swift */; };
		4AD36A1626FA2FC3001501FC /* DescriptionView.swift in Sources */ = {isa = PBXBuildFile; fileRef = 4AD36A1526FA2FC3001501FC /* DescriptionView.swift */; };
		4AD472D8270245A500EB2DC9 /* TopBarDetailView.swift in Sources */ = {isa = PBXBuildFile; fileRef = 4AD472D7270245A500EB2DC9 /* TopBarDetailView.swift */; };
		4AE42DBE26F926FD004843B9 /* Project.swift in Sources */ = {isa = PBXBuildFile; fileRef = 4AE42DBD26F926FD004843B9 /* Project.swift */; };
		4AED9B952704BF5500D1D673 /* RegistrationProyectoViewModel.swift in Sources */ = {isa = PBXBuildFile; fileRef = 4AED9B942704BF5500D1D673 /* RegistrationProyectoViewModel.swift */; };
		4AF229E426FA851C00C1FDDB /* PropertiesView.swift in Sources */ = {isa = PBXBuildFile; fileRef = 4AF229E326FA851C00C1FDDB /* PropertiesView.swift */; };
/* End PBXBuildFile section */

/* Begin PBXFileReference section */
		4A09F7AB26FBC7C5002AECE7 /* ProjectCardsView.swift */ = {isa = PBXFileReference; lastKnownFileType = sourcecode.swift; path = ProjectCardsView.swift; sourceTree = "<group>"; };
		4A1CBF392700BBC400929BC7 /* ProyectoAddView.swift */ = {isa = PBXFileReference; lastKnownFileType = sourcecode.swift; path = ProyectoAddView.swift; sourceTree = "<group>"; };
		4A1CBF3B2700BDCE00929BC7 /* TypeProyecto.swift */ = {isa = PBXFileReference; lastKnownFileType = sourcecode.swift; path = TypeProyecto.swift; sourceTree = "<group>"; };
		4A1CBF3D2700ECE100929BC7 /* TypeImagen.swift */ = {isa = PBXFileReference; lastKnownFileType = sourcecode.swift; path = TypeImagen.swift; sourceTree = "<group>"; };
		4A1CBF3F27020E5200929BC7 /* ProyectoUpdateView.swift */ = {isa = PBXFileReference; lastKnownFileType = sourcecode.swift; path = ProyectoUpdateView.swift; sourceTree = "<group>"; };
		4A2EF5FB26F9211500D45CE7 /* JAM.app */ = {isa = PBXFileReference; explicitFileType = wrapper.application; includeInIndex = 0; path = JAM.app; sourceTree = BUILT_PRODUCTS_DIR; };
		4A2EF5FE26F9211500D45CE7 /* JAMApp.swift */ = {isa = PBXFileReference; lastKnownFileType = sourcecode.swift; path = JAMApp.swift; sourceTree = "<group>"; };
		4A2EF60026F9211500D45CE7 /* ContentView.swift */ = {isa = PBXFileReference; lastKnownFileType = sourcecode.swift; path = ContentView.swift; sourceTree = "<group>"; };
		4A2EF60226F9211800D45CE7 /* Assets.xcassets */ = {isa = PBXFileReference; lastKnownFileType = folder.assetcatalog; path = Assets.xcassets; sourceTree = "<group>"; };
		4A2EF60526F9211800D45CE7 /* Preview Assets.xcassets */ = {isa = PBXFileReference; lastKnownFileType = folder.assetcatalog; path = "Preview Assets.xcassets"; sourceTree = "<group>"; };
		4A2EF60726F9211800D45CE7 /* Info.plist */ = {isa = PBXFileReference; lastKnownFileType = text.plist.xml; path = Info.plist; sourceTree = "<group>"; };
		4A8F706226FCD22600E89FCA /* SettingsView.swift */ = {isa = PBXFileReference; lastKnownFileType = sourcecode.swift; path = SettingsView.swift; sourceTree = "<group>"; };
		4A8F706426FD048300E89FCA /* SortingOrderType.swift */ = {isa = PBXFileReference; lastKnownFileType = sourcecode.swift; path = SortingOrderType.swift; sourceTree = "<group>"; };
		4A8F706626FD08F700E89FCA /* SettingFactory.swift */ = {isa = PBXFileReference; lastKnownFileType = sourcecode.swift; path = SettingFactory.swift; sourceTree = "<group>"; };
		4AA77A0126FFB043003D6FD6 /* ProjectAppModel.xcdatamodel */ = {isa = PBXFileReference; lastKnownFileType = wrapper.xcdatamodel; path = ProjectAppModel.xcdatamodel; sourceTree = "<group>"; };
		4AA77A0326FFC03A003D6FD6 /* CoreDataManager.swift */ = {isa = PBXFileReference; lastKnownFileType = sourcecode.swift; path = CoreDataManager.swift; sourceTree = "<group>"; };
		4AA77A0626FFC899003D6FD6 /* ProyectoViewModel.swift */ = {isa = PBXFileReference; lastKnownFileType = sourcecode.swift; path = ProyectoViewModel.swift; sourceTree = "<group>"; };
		4AD36A0C26FA156A001501FC /* FactoryProject.swift */ = {isa = PBXFileReference; lastKnownFileType = sourcecode.swift; path = FactoryProject.swift; sourceTree = "<group>"; };
		4AD36A0F26FA1660001501FC /* DragState.swift */ = {isa = PBXFileReference; lastKnownFileType = sourcecode.swift; path = DragState.swift; sourceTree = "<group>"; };
		4AD36A1126FA1995001501FC /* ProjectDetailView.swift */ = {isa = PBXFileReference; lastKnownFileType = sourcecode.swift; path = ProjectDetailView.swift; sourceTree = "<group>"; };
		4AD36A1326FA19DC001501FC /* HeaderView.swift */ = {isa = PBXFileReference; lastKnownFileType = sourcecode.swift; path = HeaderView.swift; sourceTree = "<group>"; };
		4AD36A1526FA2FC3001501FC /* DescriptionView.swift */ = {isa = PBXFileReference; lastKnownFileType = sourcecode.swift; path = DescriptionView.swift; sourceTree = "<group>"; };
		4AD472D7270245A500EB2DC9 /* TopBarDetailView.swift */ = {isa = PBXFileReference; lastKnownFileType = sourcecode.swift; path = TopBarDetailView.swift; sourceTree = "<group>"; };
		4AE42DBD26F926FD004843B9 /* Project.swift */ = {isa = PBXFileReference; lastKnownFileType = sourcecode.swift; path = Project.swift; sourceTree = "<group>"; };
		4AED9B942704BF5500D1D673 /* RegistrationProyectoViewModel.swift */ = {isa = PBXFileReference; lastKnownFileType = sourcecode.swift; path = RegistrationProyectoViewModel.swift; sourceTree = "<group>"; };
		4AF229E326FA851C00C1FDDB /* PropertiesView.swift */ = {isa = PBXFileReference; lastKnownFileType = sourcecode.swift; path = PropertiesView.swift; sourceTree = "<group>"; };
/* End PBXFileReference section */

/* Begin PBXFrameworksBuildPhase section */
		4A2EF5F826F9211500D45CE7 /* Frameworks */ = {
			isa = PBXFrameworksBuildPhase;
			buildActionMask = 2147483647;
			files = (
			);
			runOnlyForDeploymentPostprocessing = 0;
		};
/* End PBXFrameworksBuildPhase section */

/* Begin PBXGroup section */
		4A2EF5F226F9211500D45CE7 = {
			isa = PBXGroup;
			children = (
				4A2EF5FD26F9211500D45CE7 /* JAM */,
				4A2EF5FC26F9211500D45CE7 /* Products */,
			);
			sourceTree = "<group>";
		};
		4A2EF5FC26F9211500D45CE7 /* Products */ = {
			isa = PBXGroup;
			children = (
				4A2EF5FB26F9211500D45CE7 /* JAM.app */,
			);
			name = Products;
			sourceTree = "<group>";
		};
		4A2EF5FD26F9211500D45CE7 /* JAM */ = {
			isa = PBXGroup;
			children = (
				4AA77A0526FFC806003D6FD6 /* ViewModels */,
				4AD36A0E26FA161D001501FC /* View */,
				4AE42DBC26F9256A004843B9 /* Model */,
				4A2EF5FE26F9211500D45CE7 /* JAMApp.swift */,
				4A2EF60026F9211500D45CE7 /* ContentView.swift */,
				4A2EF60226F9211800D45CE7 /* Assets.xcassets */,
				4A2EF60726F9211800D45CE7 /* Info.plist */,
				4A2EF60426F9211800D45CE7 /* Preview Content */,
				4AA77A0026FFB043003D6FD6 /* ProjectAppModel.xcdatamodeld */,
				4AA77A0326FFC03A003D6FD6 /* CoreDataManager.swift */,
			);
			path = JAM;
			sourceTree = "<group>";
		};
		4A2EF60426F9211800D45CE7 /* Preview Content */ = {
			isa = PBXGroup;
			children = (
				4A2EF60526F9211800D45CE7 /* Preview Assets.xcassets */,
			);
			path = "Preview Content";
			sourceTree = "<group>";
		};
		4AA77A0526FFC806003D6FD6 /* ViewModels */ = {
			isa = PBXGroup;
			children = (
				4AA77A0626FFC899003D6FD6 /* ProyectoViewModel.swift */,
				4AED9B942704BF5500D1D673 /* RegistrationProyectoViewModel.swift */,
			);
			path = ViewModels;
			sourceTree = "<group>";
		};
		4AD36A0E26FA161D001501FC /* View */ = {
			isa = PBXGroup;
			children = (
				4AD36A1126FA1995001501FC /* ProjectDetailView.swift */,
				4AD36A1326FA19DC001501FC /* HeaderView.swift */,
				4AD36A1526FA2FC3001501FC /* DescriptionView.swift */,
				4AF229E326FA851C00C1FDDB /* PropertiesView.swift */,
				4A09F7AB26FBC7C5002AECE7 /* ProjectCardsView.swift */,
				4A8F706226FCD22600E89FCA /* SettingsView.swift */,
				4A1CBF392700BBC400929BC7 /* ProyectoAddView.swift */,
				4A1CBF3F27020E5200929BC7 /* ProyectoUpdateView.swift */,
				4AD472D7270245A500EB2DC9 /* TopBarDetailView.swift */,
			);
			path = View;
			sourceTree = "<group>";
		};
		4AE42DBC26F9256A004843B9 /* Model */ = {
			isa = PBXGroup;
			children = (
				4AE42DBD26F926FD004843B9 /* Project.swift */,
				4AD36A0C26FA156A001501FC /* FactoryProject.swift */,
				4AD36A0F26FA1660001501FC /* DragState.swift */,
				4A8F706426FD048300E89FCA /* SortingOrderType.swift */,
				4A8F706626FD08F700E89FCA /* SettingFactory.swift */,
				4A1CBF3B2700BDCE00929BC7 /* TypeProyecto.swift */,
				4A1CBF3D2700ECE100929BC7 /* TypeImagen.swift */,
			);
			path = Model;
			sourceTree = "<group>";
		};
/* End PBXGroup section */

/* Begin PBXNativeTarget section */
		4A2EF5FA26F9211500D45CE7 /* JAM */ = {
			isa = PBXNativeTarget;
			buildConfigurationList = 4A2EF60A26F9211800D45CE7 /* Build configuration list for PBXNativeTarget "JAM" */;
			buildPhases = (
				4A2EF5F726F9211500D45CE7 /* Sources */,
				4A2EF5F826F9211500D45CE7 /* Frameworks */,
				4A2EF5F926F9211500D45CE7 /* Resources */,
			);
			buildRules = (
			);
			dependencies = (
			);
			name = JAM;
			productName = JAM;
			productReference = 4A2EF5FB26F9211500D45CE7 /* JAM.app */;
			productType = "com.apple.product-type.application";
		};
/* End PBXNativeTarget section */

/* Begin PBXProject section */
		4A2EF5F326F9211500D45CE7 /* Project object */ = {
			isa = PBXProject;
			attributes = {
				LastSwiftUpdateCheck = 1250;
				LastUpgradeCheck = 1250;
				TargetAttributes = {
					4A2EF5FA26F9211500D45CE7 = {
						CreatedOnToolsVersion = 12.5.1;
					};
				};
			};
			buildConfigurationList = 4A2EF5F626F9211500D45CE7 /* Build configuration list for PBXProject "JAM" */;
			compatibilityVersion = "Xcode 9.3";
			developmentRegion = en;
			hasScannedForEncodings = 0;
			knownRegions = (
				en,
				Base,
			);
			mainGroup = 4A2EF5F226F9211500D45CE7;
			productRefGroup = 4A2EF5FC26F9211500D45CE7 /* Products */;
			projectDirPath = "";
			projectRoot = "";
			targets = (
				4A2EF5FA26F9211500D45CE7 /* JAM */,
			);
		};
/* End PBXProject section */

/* Begin PBXResourcesBuildPhase section */
		4A2EF5F926F9211500D45CE7 /* Resources */ = {
			isa = PBXResourcesBuildPhase;
			buildActionMask = 2147483647;
			files = (
				4A2EF60626F9211800D45CE7 /* Preview Assets.xcassets in Resources */,
				4A2EF60326F9211800D45CE7 /* Assets.xcassets in Resources */,
			);
			runOnlyForDeploymentPostprocessing = 0;
		};
/* End PBXResourcesBuildPhase section */

/* Begin PBXSourcesBuildPhase section */
		4A2EF5F726F9211500D45CE7 /* Sources */ = {
			isa = PBXSourcesBuildPhase;
			buildActionMask = 2147483647;
			files = (
				4A09F7AC26FBC7C5002AECE7 /* ProjectCardsView.swift in Sources */,
				4A8F706526FD048300E89FCA /* SortingOrderType.swift in Sources */,
				4AF229E426FA851C00C1FDDB /* PropertiesView.swift in Sources */,
				4AA77A0726FFC899003D6FD6 /* ProyectoViewModel.swift in Sources */,
				4A1CBF3C2700BDCE00929BC7 /* TypeProyecto.swift in Sources */,
				4AA77A0426FFC03A003D6FD6 /* CoreDataManager.swift in Sources */,
				4A2EF60126F9211500D45CE7 /* ContentView.swift in Sources */,
				4AD472D8270245A500EB2DC9 /* TopBarDetailView.swift in Sources */,
				4AED9B952704BF5500D1D673 /* RegistrationProyectoViewModel.swift in Sources */,
				4A8F706726FD08F700E89FCA /* SettingFactory.swift in Sources */,
				4AD36A1026FA1660001501FC /* DragState.swift in Sources */,
				4A2EF5FF26F9211500D45CE7 /* JAMApp.swift in Sources */,
				4A1CBF4027020E5300929BC7 /* ProyectoUpdateView.swift in Sources */,
				4AE42DBE26F926FD004843B9 /* Project.swift in Sources */,
				4A1CBF3A2700BBC400929BC7 /* ProyectoAddView.swift in Sources */,
				4A1CBF3E2700ECE100929BC7 /* TypeImagen.swift in Sources */,
				4AA77A0226FFB043003D6FD6 /* ProjectAppModel.xcdatamodeld in Sources */,
				4AD36A1226FA1995001501FC /* ProjectDetailView.swift in Sources */,
				4AD36A1426FA19DC001501FC /* HeaderView.swift in Sources */,
				4AD36A1626FA2FC3001501FC /* DescriptionView.swift in Sources */,
				4A8F706326FCD22600E89FCA /* SettingsView.swift in Sources */,
			);
			runOnlyForDeploymentPostprocessing = 0;
		};
/* End PBXSourcesBuildPhase section */

/* Begin XCBuildConfiguration section */
		4A2EF60826F9211800D45CE7 /* Debug */ = {
			isa = XCBuildConfiguration;
			buildSettings = {
				ALWAYS_SEARCH_USER_PATHS = NO;
				CLANG_ANALYZER_NONNULL = YES;
				CLANG_ANALYZER_NUMBER_OBJECT_CONVERSION = YES_AGGRESSIVE;
				CLANG_CXX_LANGUAGE_STANDARD = "gnu++14";
				CLANG_CXX_LIBRARY = "libc++";
				CLANG_ENABLE_MODULES = YES;
				CLANG_ENABLE_OBJC_ARC = YES;
				CLANG_ENABLE_OBJC_WEAK = YES;
				CLANG_WARN_BLOCK_CAPTURE_AUTORELEASING = YES;
				CLANG_WARN_BOOL_CONVERSION = YES;
				CLANG_WARN_COMMA = YES;
				CLANG_WARN_CONSTANT_CONVERSION = YES;
				CLANG_WARN_DEPRECATED_OBJC_IMPLEMENTATIONS = YES;
				CLANG_WARN_DIRECT_OBJC_ISA_USAGE = YES_ERROR;
				CLANG_WARN_DOCUMENTATION_COMMENTS = YES;
				CLANG_WARN_EMPTY_BODY = YES;
				CLANG_WARN_ENUM_CONVERSION = YES;
				CLANG_WARN_INFINITE_RECURSION = YES;
				CLANG_WARN_INT_CONVERSION = YES;
				CLANG_WARN_NON_LITERAL_NULL_CONVERSION = YES;
				CLANG_WARN_OBJC_IMPLICIT_RETAIN_SELF = YES;
				CLANG_WARN_OBJC_LITERAL_CONVERSION = YES;
				CLANG_WARN_OBJC_ROOT_CLASS = YES_ERROR;
				CLANG_WARN_QUOTED_INCLUDE_IN_FRAMEWORK_HEADER = YES;
				CLANG_WARN_RANGE_LOOP_ANALYSIS = YES;
				CLANG_WARN_STRICT_PROTOTYPES = YES;
				CLANG_WARN_SUSPICIOUS_MOVE = YES;
				CLANG_WARN_UNGUARDED_AVAILABILITY = YES_AGGRESSIVE;
				CLANG_WARN_UNREACHABLE_CODE = YES;
				CLANG_WARN__DUPLICATE_METHOD_MATCH = YES;
				COPY_PHASE_STRIP = NO;
				DEBUG_INFORMATION_FORMAT = dwarf;
				ENABLE_STRICT_OBJC_MSGSEND = YES;
				ENABLE_TESTABILITY = YES;
				GCC_C_LANGUAGE_STANDARD = gnu11;
				GCC_DYNAMIC_NO_PIC = NO;
				GCC_NO_COMMON_BLOCKS = YES;
				GCC_OPTIMIZATION_LEVEL = 0;
				GCC_PREPROCESSOR_DEFINITIONS = (
					"DEBUG=1",
					"$(inherited)",
				);
				GCC_WARN_64_TO_32_BIT_CONVERSION = YES;
				GCC_WARN_ABOUT_RETURN_TYPE = YES_ERROR;
				GCC_WARN_UNDECLARED_SELECTOR = YES;
				GCC_WARN_UNINITIALIZED_AUTOS = YES_AGGRESSIVE;
				GCC_WARN_UNUSED_FUNCTION = YES;
				GCC_WARN_UNUSED_VARIABLE = YES;
				IPHONEOS_DEPLOYMENT_TARGET = 14.5;
				MTL_ENABLE_DEBUG_INFO = INCLUDE_SOURCE;
				MTL_FAST_MATH = YES;
				ONLY_ACTIVE_ARCH = YES;
				SDKROOT = iphoneos;
				SWIFT_ACTIVE_COMPILATION_CONDITIONS = DEBUG;
				SWIFT_OPTIMIZATION_LEVEL = "-Onone";
			};
			name = Debug;
		};
		4A2EF60926F9211800D45CE7 /* Release */ = {
			isa = XCBuildConfiguration;
			buildSettings = {
				ALWAYS_SEARCH_USER_PATHS = NO;
				CLANG_ANALYZER_NONNULL = YES;
				CLANG_ANALYZER_NUMBER_OBJECT_CONVERSION = YES_AGGRESSIVE;
				CLANG_CXX_LANGUAGE_STANDARD = "gnu++14";
				CLANG_CXX_LIBRARY = "libc++";
				CLANG_ENABLE_MODULES = YES;
				CLANG_ENABLE_OBJC_ARC = YES;
				CLANG_ENABLE_OBJC_WEAK = YES;
				CLANG_WARN_BLOCK_CAPTURE_AUTORELEASING = YES;
				CLANG_WARN_BOOL_CONVERSION = YES;
				CLANG_WARN_COMMA = YES;
				CLANG_WARN_CONSTANT_CONVERSION = YES;
				CLANG_WARN_DEPRECATED_OBJC_IMPLEMENTATIONS = YES;
				CLANG_WARN_DIRECT_OBJC_ISA_USAGE = YES_ERROR;
				CLANG_WARN_DOCUMENTATION_COMMENTS = YES;
				CLANG_WARN_EMPTY_BODY = YES;
				CLANG_WARN_ENUM_CONVERSION = YES;
				CLANG_WARN_INFINITE_RECURSION = YES;
				CLANG_WARN_INT_CONVERSION = YES;
				CLANG_WARN_NON_LITERAL_NULL_CONVERSION = YES;
				CLANG_WARN_OBJC_IMPLICIT_RETAIN_SELF = YES;
				CLANG_WARN_OBJC_LITERAL_CONVERSION = YES;
				CLANG_WARN_OBJC_ROOT_CLASS = YES_ERROR;
				CLANG_WARN_QUOTED_INCLUDE_IN_FRAMEWORK_HEADER = YES;
				CLANG_WARN_RANGE_LOOP_ANALYSIS = YES;
				CLANG_WARN_STRICT_PROTOTYPES = YES;
				CLANG_WARN_SUSPICIOUS_MOVE = YES;
				CLANG_WARN_UNGUARDED_AVAILABILITY = YES_AGGRESSIVE;
				CLANG_WARN_UNREACHABLE_CODE = YES;
				CLANG_WARN__DUPLICATE_METHOD_MATCH = YES;
				COPY_PHASE_STRIP = NO;
				DEBUG_INFORMATION_FORMAT = "dwarf-with-dsym";
				ENABLE_NS_ASSERTIONS = NO;
				ENABLE_STRICT_OBJC_MSGSEND = YES;
				GCC_C_LANGUAGE_STANDARD = gnu11;
				GCC_NO_COMMON_BLOCKS = YES;
				GCC_WARN_64_TO_32_BIT_CONVERSION = YES;
				GCC_WARN_ABOUT_RETURN_TYPE = YES_ERROR;
				GCC_WARN_UNDECLARED_SELECTOR = YES;
				GCC_WARN_UNINITIALIZED_AUTOS = YES_AGGRESSIVE;
				GCC_WARN_UNUSED_FUNCTION = YES;
				GCC_WARN_UNUSED_VARIABLE = YES;
				IPHONEOS_DEPLOYMENT_TARGET = 14.5;
				MTL_ENABLE_DEBUG_INFO = NO;
				MTL_FAST_MATH = YES;
				SDKROOT = iphoneos;
				SWIFT_COMPILATION_MODE = wholemodule;
				SWIFT_OPTIMIZATION_LEVEL = "-O";
				VALIDATE_PRODUCT = YES;
			};
			name = Release;
		};
		4A2EF60B26F9211800D45CE7 /* Debug */ = {
			isa = XCBuildConfiguration;
			buildSettings = {
				ASSETCATALOG_COMPILER_APPICON_NAME = AppIcon;
				ASSETCATALOG_COMPILER_GLOBAL_ACCENT_COLOR_NAME = AccentColor;
				CODE_SIGN_STYLE = Automatic;
				DEVELOPMENT_ASSET_PATHS = "\"JAM/Preview Content\"";
				DEVELOPMENT_TEAM = K9SA4G494G;
				ENABLE_PREVIEWS = YES;
				INFOPLIST_FILE = JAM/Info.plist;
				IPHONEOS_DEPLOYMENT_TARGET = 14.0;
				LD_RUNPATH_SEARCH_PATHS = (
					"$(inherited)",
					"@executable_path/Frameworks",
				);
				PRODUCT_BUNDLE_IDENTIFIER = cl.codingbits.JAM;
				PRODUCT_NAME = "$(TARGET_NAME)";
				SWIFT_VERSION = 5.0;
				TARGETED_DEVICE_FAMILY = "1,2";
			};
			name = Debug;
		};
		4A2EF60C26F9211800D45CE7 /* Release */ = {
			isa = XCBuildConfiguration;
			buildSettings = {
				ASSETCATALOG_COMPILER_APPICON_NAME = AppIcon;
				ASSETCATALOG_COMPILER_GLOBAL_ACCENT_COLOR_NAME = AccentColor;
				CODE_SIGN_STYLE = Automatic;
				DEVELOPMENT_ASSET_PATHS = "\"JAM/Preview Content\"";
				DEVELOPMENT_TEAM = K9SA4G494G;
				ENABLE_PREVIEWS = YES;
				INFOPLIST_FILE = JAM/Info.plist;
				IPHONEOS_DEPLOYMENT_TARGET = 14.0;
				LD_RUNPATH_SEARCH_PATHS = (
					"$(inherited)",
					"@executable_path/Frameworks",
				);
				PRODUCT_BUNDLE_IDENTIFIER = cl.codingbits.JAM;
				PRODUCT_NAME = "$(TARGET_NAME)";
				SWIFT_VERSION = 5.0;
				TARGETED_DEVICE_FAMILY = "1,2";
			};
			name = Release;
		};
/* End XCBuildConfiguration section */

/* Begin XCConfigurationList section */
		4A2EF5F626F9211500D45CE7 /* Build configuration list for PBXProject "JAM" */ = {
			isa = XCConfigurationList;
			buildConfigurations = (
				4A2EF60826F9211800D45CE7 /* Debug */,
				4A2EF60926F9211800D45CE7 /* Release */,
			);
			defaultConfigurationIsVisible = 0;
			defaultConfigurationName = Release;
		};
		4A2EF60A26F9211800D45CE7 /* Build configuration list for PBXNativeTarget "JAM" */ = {
			isa = XCConfigurationList;
			buildConfigurations = (
				4A2EF60B26F9211800D45CE7 /* Debug */,
				4A2EF60C26F9211800D45CE7 /* Release */,
			);
			defaultConfigurationIsVisible = 0;
			defaultConfigurationName = Release;
		};
/* End XCConfigurationList section */

/* Begin XCVersionGroup section */
		4AA77A0026FFB043003D6FD6 /* ProjectAppModel.xcdatamodeld */ = {
			isa = XCVersionGroup;
			children = (
				4AA77A0126FFB043003D6FD6 /* ProjectAppModel.xcdatamodel */,
			);
			currentVersion = 4AA77A0126FFB043003D6FD6 /* ProjectAppModel.xcdatamodel */;
			path = ProjectAppModel.xcdatamodeld;
			sourceTree = "<group>";
			versionGroupType = wrapper.xcdatamodel;
		};
/* End XCVersionGroup section */
	};
	rootObject = 4A2EF5F326F9211500D45CE7 /* Project object */;
}
